# Ubuntu 26.04 amd64 direct-package lock for the controller sidecar.
# Source: official Ubuntu snapshot at the timestamp below.
UBUNTU_APT_SNAPSHOT='20260814T000000Z'

UBUNTU_APT_CA_CERTIFICATES_VERSION='20260601~26.04.1'
UBUNTU_APT_CURL_VERSION='8.18.0-1ubuntu2.3'
UBUNTU_APT_JQ_VERSION='1.8.1-4ubuntu2'
UBUNTU_APT_OPENSSL_VERSION='3.5.5-1ubuntu3.3'
UBUNTU_APT_UNZIP_VERSION='6.0-29ubuntu1'
UBUNTU_APT_WGET_VERSION='1.25.0-2ubuntu4.3'
