kind	name	version	locator	integrity	usage
archive	go-linux-amd64	1.26.6	https://go.dev/dl/go1.26.6.linux-amd64.tar.gz	sha256:708effb774be8237570d0add163225abbdfaf4fca28b2611df167beba4feef89	dapper
archive	go-linux-arm64	1.26.6	https://go.dev/dl/go1.26.6.linux-arm64.tar.gz	sha256:d0507e9e9d7fe012aae570108cbd76c15de879e17130ab8cb90d4d7445cb1f2e	dapper
archive	haproxy	3.4.3	https://www.haproxy.org/download/3.4/src/haproxy-3.4.3.tar.gz	sha256:7fa666d36d198275999e2a68dda44d3d37960f2f7aed3a595fb811f4fd0515b5	load-balancer-service
archive	ubuntu-ca-certificates-deb	20260601~26.04.1	https://snapshot.ubuntu.com/ubuntu/20260814T000000Z/pool/main/c/ca-certificates/ca-certificates_20260601~26.04.1_all.deb	sha256:6077d27c6b6f8b23590cb01ff877ed8c804a67a5442cc32b5a33da10d2bd0e90	dapper,load-balancer-service,controller-sidecar
module	golang.org/x/sys	v0.47.0	https://go.googlesource.com/sys	h1:o7XGOvZQCADBQQ4Y7VNq2dRWQR7JmOUW8Kxx4ZsNgWs=	vendor
module	github.com/gogo/protobuf	v1.3.2	https://github.com/gogo/protobuf	h1:Ov1cvc58UF3b5XjBnZv7+opcTcQFZebYjWzi34vdm4Q=	vendor
module	github.com/gorilla/websocket	v1.5.3	https://github.com/gorilla/websocket	h1:saDtZ6Pbx/0u+bgYQ3q96pZgCzfhKXGPqt7kZ72aNNg=	vendor
oci	docker-cli	29.7.2-cli	docker.io/library/docker	sha256:000bb62ff495f986c9f5578eb67cc2cb98b91138eda81d7762d5371eb8a497fe	dapper
oci	nginx	1.30.4-alpine	docker.io/library/nginx	sha256:97d490c12ba55b4946b01546d1c3ed324e8d41ab1c9fcb2a616aa470620e5b46	examples
oci	ubuntu	26.04	docker.io/library/ubuntu	sha256:678c6550cc43645e08669028bc177f50be4e7c5b8cca677067b1914d4afc7a03	dapper,load-balancer-service,controller-sidecar
snapshot	ubuntu-archive	20260814T000000Z	https://snapshot.ubuntu.com/ubuntu	not-applicable	dapper,load-balancer-service,controller-sidecar
tool	govulncheck	1.7.0	https://pkg.go.dev/golang.org/x/vuln/cmd/govulncheck@v1.7.0	h1:4MQBuhmXbz2uepNJrf3v+aaZLGDqw1JluwYboegA1qg=	security-gate
tool	docker-buildx	0.36.1	https://github.com/docker/buildx/releases/tag/v0.36.1	bundled-in:sha256:000bb62ff495f986c9f5578eb67cc2cb98b91138eda81d7762d5371eb8a497fe	dapper
action	actions-checkout	7.0.1	https://github.com/actions/checkout	commit:3d3c42e5aac5ba805825da76410c181273ba90b1	ci
action	actions-upload-artifact	7.0.1	https://github.com/actions/upload-artifact	commit:043fb46d1a93c77aae656e7c1c64a875d1fc6a0a	ci
action	github-codeql-action	4.37.7	https://github.com/github/codeql-action	commit:ff2f1c621b7f889edc0d3c761ac2e6a3f8cdb0dd	security-gate
action	actions-attest-build-provenance	4.2.2	https://github.com/actions/attest-build-provenance	commit:4d101475d8b20a2381f78447822ac1eab6504dd8	release
oci	trivy	0.74.0	ghcr.io/aquasecurity/trivy	sha256:62b1e65e8869bc4b4c6aa4fa2b21595256c7c2f6018a9d9ad61caf87187c1969	security-gate
