module	pin	tree_sha256
github.com/sirupsen/logrus	v1.9.4	1750a82afd33c5bf86b63d4b6a4a2f1402cc612cb524c815e9bf1aa42fa33bb8
github.com/rancher/log	v0.1.0-u2	bdcf76ec07a80cb7c3bfbad806cfc3e583eccf20fc1458dfc3031e0e942e8adc
github.com/beorn7/perks	3ac7bf7	9edd45dd7339e10af0459bbdf209bec348d55f286078912d1ca67f3d06ebd4c2
github.com/blang/semver	v3.3.0	b190078fb66866068b9bc2b1aae92dbd2536f3064e2143ca09c953d30e5007be
github.com/cloudfoundry-incubator/candiedyaml	99c3df8	119aa81c76ca14d89b2c219ca597863e86a5541640b53d91393f0cfa70c5455b
github.com/coreos/go-oidc	48c41f8	f64b57e0706d8e68bc28fb75d8405988b7bc682ca665df35a078c67282f13de7
github.com/coreos/go-systemd	v10-13-gd6c05a1	957ebe37209b373b083e462785ffadc18578cfda4b78529001f06d2c7bdc87b5
github.com/coreos/pkg	v2-10-ga48e304	225b0a8a1a4654af115f2233595cefe6ef6a20e70c2bf9be01e8944f2ae3612e
github.com/davecgh/go-spew	5215b55	776d9b77d922f8c42207c9e87c170f21946dc6350b43e00a24e7d5256a756f7e
github.com/docker/distribution	docs-v2.4.1-2016-06-28-44-g2b72dd3	89366966377e30ef996a1472d1c882013dcff9339d052cbd5fc8c7b5e474a508
github.com/emicklei/go-restful	v1.2-75-gb14c3a9	2198209773be97a5fa57accc416db77a5f6ad24ebf6d3f9444babf4f1771b086
github.com/ghodss/yaml	aa0c862	104b611665309fb6d1dc7102c14a90a623de64c89c4a05da5eac6c2144baee95
github.com/gogo/protobuf	v1.3.2	3282be0f62a4fbb3630a268ddcbdec8509dd267421d266da39476308b0193620
github.com/golang/glog	23def4e	dc86a86f149196e2ff02072e59d3e2305145d7c01950b118a25f5841803e9156
github.com/golang/groupcache	02826c3	bcea10e34845330d97a74245579e8a4a0c84a860e49902540a455b8bbe215ae6
github.com/golang/protobuf	874264f	6b2627aa0f5bab35c49f051dd7d265a9e568d36de7690ebfae70faee63282846
github.com/google/cadvisor	v0.23.2-67-gfe76598	0d63851d71037569bbc6c4234501cc280436a3756676410f839afc98e830d88c
github.com/google/gofuzz	fd52762	57d05f44b605cfa7abdde0ca3a3fe937ca1ee9f49711299aaf861c64011399df
github.com/gorilla/context	v1.1-4-gaed02d1	9401f2e1cb30e5f6c6b09b1a3ad0fb0830a547954e35321b673abe866fbd0ad2
github.com/gorilla/mux	v1.1-15-gd391bea	07bdc685a68d98a283eca98d959b9b7fe69b16c0b3cf0241bf55223826165b42
github.com/gorilla/websocket	v1.5.3	525877e47177bebba77aef48cc72c300ac03358c2db0a55f9a327e04ed1c51dc
github.com/jonboulle/clockwork	v0.1.0	2696b0cc1301d36e956651195b9c8d394488cc3ce83403d947e0570950fbfd8f
github.com/juju/ratelimit	77ed1c8	32b45aee68112b4864753e5e9cc564dde6da561ed2ea73363ab00bc8a778be47
github.com/matttproud/golang_protobuf_extensions	v1.0.0-2-gc12348c	4d57e756881c42b31cb126aa90d339093f6b53d412470aba947d5ce5cdfa82a0
github.com/pborman/uuid	v1.0-11-gc55201b	5b26da70e45526f6ecfffc005aad8af1326e19cb35d24f41f71757eacaf091a5
github.com/prometheus/client_golang	0.7.0-87-g28be158	14ad6388c896ea70fb1fb833e51ccf173f184f4e36664d7023cc2a0c7d0527c5
github.com/prometheus/client_model	model-0.0.2-12-gfa8ad6f	741989dd5ef350e0d103a5fb5ed88e1e94161f0ae05a6c7623c8293284b1e4ba
github.com/prometheus/common	610701b	8644a8e3c3f5dce8b4f998c6dc45683096937bcd3e75bfb782c590b1ee77ced7
github.com/prometheus/procfs	abf152e	3247318d9fa584133a94dbd41436437a18eba093ecebdfacd607bc0fc5079a6d
github.com/rancher/event-subscriber	cdcd1659ec46128cf3118ae6c56ade83b220ff79	257c196dc76adbbb42196e90d99b8cad483f6bf6ef0f41f5990d9881a39918f4
github.com/rancher/go-rancher	58e6b4f32885bb08273787479b14d8ed22e01112	4a563ef1a850e4d441cac72c2b66a74c0a08bc57473a169604b6c77c1a2592a1
github.com/spf13/pflag	1560c10	31683562cd8eeb38d0581d048c4a85063d62c820836011d6b7ffcb8511992f03
github.com/ugorji/go	b94837a	6245e47aaf84d3a2fa13a5ad8c82db6afcf294489a566e9fa1d3064dca8a6b2c
golang.org/x/net	4d38db7	7258a299c83b37d3b60020d79bc86d0c0214c8b4dfa555ea41c936246dece860
golang.org/x/oauth2	1364adb	367976e1bc9c6ce9a9e4654cb27c63659a02ca1917d8f6fde0fcfe4ab21d39b1
golang.org/x/sys	v0.47.0	6a5e68868858de948bb919b4ef0e1be88f71dc263abfb9971ca3557589c30af0
google.golang.org/appengine	267c27e	f9a46424c988acb4e836ef9a27a2e572b295d25f626cf325764813569f809b31
google.golang.org/cloud	4f1a5ca	eaf339c92caa3ddee81bd99fbb3147b0555f39d9598352b7edc4d374e56c7cab
gopkg.in/inf.v0	v0.9.0	609cb3499e33145c8120843665461e34f02738ffbed0296a1daefdbc8cd199b6
github.com/rancher/go-rancher-metadata	b0234388a565c327706ba92cce6a804024d58c67	0d91d6f8d22af587d362d95a09311ddf4a71c5177c2934d7d26c1e0bbde5a93c
k8s.io/kubernetes	v1.4.4	1532d8088d1b269579cd1af97bb14c5004368b000c067a6514d83a3ced4d8d94
github.com/pkg/errors	1d2e60385a13aaa66134984235061c2f9302520e	1e267b6b41c913526e3ee5c39343f061cfff21711b80d34362cec7df6ae9d3cd
k8s.io/client-go/1.4	93fcd402979cfad8a7151f96e016416947c6a3cb	7a42aa9e723e931f469f46fd2f62fbced2e5168cf68f213994c9853adcd1b8d5
k8s.io/kubernetes/pkg/controller/framework	dfce7e639b341a13a1b6c8c1c52517949772b650	c11823a8a8075618f47ac45889332d8f2a904a9aa6ea3f498e41da3d5c567205
github.com/patrickmn/go-cache	1881a9bccb818787f68c52bfba648c6cf34c34fa	02ae0d2a75134e712cecd2b712658289945a64529124f3d62a52b729072971ff
github.com/urfave/cli	v1.19.1	d603cafb5ebfac5576c6c4d4e742b8ffd05a2ac7ab5896595742c778f4c4a625
github.com/mitchellh/go-ps	4fdf99ab29366514c69ccccddab5dc58b8d84062	6167d6f71d8357310546a659ab72d4f50ad44866710768868e2d317ed52bad65
golang.org/x/sync	fd80eb99c8f653c847d294a001bdf2a3a6f768f5	f039558312b1e53d31aa5e1900e4f611ee0aef0b6c4a1ee8260992425963d4a9
