# Alpine 3.24 direct-package lock for the HAProxy builder and runtime.
# The base image is pinned in Dockerfile; transitive packages are recorded in the image.
ALPINE_BASH_VERSION='5.3.9-r1'
ALPINE_BUILD_BASE_VERSION='0.5-r4'
ALPINE_CA_CERTIFICATES_VERSION='20260611-r0'
ALPINE_CURL_VERSION='8.21.0-r0'
ALPINE_LIBCAP_UTILS_VERSION='2.78-r0'
ALPINE_LINUX_HEADERS_VERSION='7.0.0-r1'
ALPINE_LUA5_4_DEV_VERSION='5.4.8-r0'
ALPINE_LUA5_4_LIBS_VERSION='5.4.8-r0'
ALPINE_OPENSSL_DEV_VERSION='3.5.7-r0'
ALPINE_PCRE2_DEV_VERSION='10.47-r1'
ALPINE_PCRE2_VERSION='10.47-r1'
ALPINE_PROCPS_NG_VERSION='4.0.6-r0'
ALPINE_RSYSLOG_VERSION='8.2604.0-r0'
ALPINE_SU_EXEC_VERSION='0.3-r0'
ALPINE_TINI_VERSION='0.19.0-r3'
ALPINE_ZLIB_DEV_VERSION='1.3.2-r0'
